
Microsoft Visual Studio Solution File, Format Version 12.00
# Visual Studio 15
VisualStudioVersion = 15.0.28307.779
MinimumVisualStudioVersion = 10.0.40219.1
Project("{E24C65DC-7377-472B-9ABA-BC803B73C61A}") = "Forgot And Reset Password", "Forgot And Reset Password\", "{98564432-9E22-4F1D-8790-04717D26C060}"
	ProjectSection(WebsiteProperties) = preProject
		TargetFrameworkMoniker = ".NETFramework,Version%3Dv4.6.1"
		Debug.AspNetCompiler.VirtualPath = "/localhost_49399"
		Debug.AspNetCompiler.PhysicalPath = "Forgot And Reset Password\"
		Debug.AspNetCompiler.TargetPath = "PrecompiledWeb\localhost_49399\"
		Debug.AspNetCompiler.Updateable = "true"
		Debug.AspNetCompiler.ForceOverwrite = "true"
		Debug.AspNetCompiler.FixedNames = "false"
		Debug.AspNetCompiler.Debug = "True"
		Release.AspNetCompiler.VirtualPath = "/localhost_49399"
		Release.AspNetCompiler.PhysicalPath = "Forgot And Reset Password\"
		Release.AspNetCompiler.TargetPath = "PrecompiledWeb\localhost_49399\"
		Release.AspNetCompiler.Updateable = "true"
		Release.AspNetCompiler.ForceOverwrite = "true"
		Release.AspNetCompiler.FixedNames = "false"
		Release.AspNetCompiler.Debug = "False"
		VWDPort = "49399"
		SlnRelativePath = "Forgot And Reset Password\"
		DefaultWebSiteLanguage = "Visual C#"
	EndProjectSection
EndProject
Global
	GlobalSection(SolutionConfigurationPlatforms) = preSolution
		Debug|Any CPU = Debug|Any CPU
	EndGlobalSection
	GlobalSection(ProjectConfigurationPlatforms) = postSolution
		{98564432-9E22-4F1D-8790-04717D26C060}.Debug|Any CPU.ActiveCfg = Debug|Any CPU
		{98564432-9E22-4F1D-8790-04717D26C060}.Debug|Any CPU.Build.0 = Debug|Any CPU
	EndGlobalSection
	GlobalSection(SolutionProperties) = preSolution
		HideSolutionNode = FALSE
	EndGlobalSection
	GlobalSection(ExtensibilityGlobals) = postSolution
		SolutionGuid = {0D873A20-9C95-4E0C-BAC4-EBF50AE305D0}
	EndGlobalSection
EndGlobal
